
Microsoft Visual Studio Solution File, Format Version 12.00
# Visual Studio Version 17
VisualStudioVersion = 17.7.34221.43
MinimumVisualStudioVersion = 10.0.40219.1
Project("{9A19103F-16F7-4668-BE54-9A1E7A4F7556}") = "CleaningRobot", "CleaningRobot\CleaningRobot.csproj", "{A44C705D-15B6-443F-8755-F6365C3A2EE5}"
EndProject
Project("{FAE04EC0-301F-11D3-BF4B-00C04F79EFBC}") = "CleaningRobot.Tests", "CleaningRobot.Tests\CleaningRobot.Tests.csproj", "{98D29E88-6EFA-4B1F-87E7-07E2AE1ED214}"
EndProject
Global
	GlobalSection(SolutionConfigurationPlatforms) = preSolution
		Debug|Any CPU = Debug|Any CPU
		Release|Any CPU = Release|Any CPU
	EndGlobalSection
	GlobalSection(ProjectConfigurationPlatforms) = postSolution
		{A44C705D-15B6-443F-8755-F6365C3A2EE5}.Debug|Any CPU.ActiveCfg = Debug|Any CPU
		{A44C705D-15B6-443F-8755-F6365C3A2EE5}.Debug|Any CPU.Build.0 = Debug|Any CPU
		{A44C705D-15B6-443F-8755-F6365C3A2EE5}.Release|Any CPU.ActiveCfg = Release|Any CPU
		{A44C705D-15B6-443F-8755-F6365C3A2EE5}.Release|Any CPU.Build.0 = Release|Any CPU
		{98D29E88-6EFA-4B1F-87E7-07E2AE1ED214}.Debug|Any CPU.ActiveCfg = Debug|Any CPU
		{98D29E88-6EFA-4B1F-87E7-07E2AE1ED214}.Debug|Any CPU.Build.0 = Debug|Any CPU
		{98D29E88-6EFA-4B1F-87E7-07E2AE1ED214}.Release|Any CPU.ActiveCfg = Release|Any CPU
		{98D29E88-6EFA-4B1F-87E7-07E2AE1ED214}.Release|Any CPU.Build.0 = Release|Any CPU
	EndGlobalSection
	GlobalSection(SolutionProperties) = preSolution
		HideSolutionNode = FALSE
	EndGlobalSection
	GlobalSection(ExtensibilityGlobals) = postSolution
		SolutionGuid = {FD94D7E5-D416-4312-930C-9DC38B6CDF4D}
	EndGlobalSection
EndGlobal
